
Microsoft Visual Studio Solution File, Format Version 12.00
# Visual Studio Version 17
VisualStudioVersion = 17.5.33424.131
MinimumVisualStudioVersion = 10.0.40219.1
Project("{FAE04EC0-301F-11D3-BF4B-00C04F79EFBC}") = "DeserializePOC02", "DeserializePOC02.csproj", "{A5ECD2B0-D976-404D-A34F-7FFDF1F364D5}"
EndProject
Global
	GlobalSection(SolutionConfigurationPlatforms) = preSolution
		Debug|Any CPU = Debug|Any CPU
		Debug|x64 = Debug|x64
		Release|Any CPU = Release|Any CPU
		Release|x64 = Release|x64
	EndGlobalSection
	GlobalSection(ProjectConfigurationPlatforms) = postSolution
		{A5ECD2B0-D976-404D-A34F-7FFDF1F364D5}.Debug|Any CPU.ActiveCfg = Debug|x64
		{A5ECD2B0-D976-404D-A34F-7FFDF1F364D5}.Debug|Any CPU.Build.0 = Debug|x64
		{A5ECD2B0-D976-404D-A34F-7FFDF1F364D5}.Debug|x64.ActiveCfg = Debug|x64
		{A5ECD2B0-D976-404D-A34F-7FFDF1F364D5}.Debug|x64.Build.0 = Debug|x64
		{A5ECD2B0-D976-404D-A34F-7FFDF1F364D5}.Release|Any CPU.ActiveCfg = Release|Any CPU
		{A5ECD2B0-D976-404D-A34F-7FFDF1F364D5}.Release|Any CPU.Build.0 = Release|Any CPU
		{A5ECD2B0-D976-404D-A34F-7FFDF1F364D5}.Release|x64.ActiveCfg = Release|x64
		{A5ECD2B0-D976-404D-A34F-7FFDF1F364D5}.Release|x64.Build.0 = Release|x64
	EndGlobalSection
	GlobalSection(SolutionProperties) = preSolution
		HideSolutionNode = FALSE
	EndGlobalSection
	GlobalSection(ExtensibilityGlobals) = postSolution
		SolutionGuid = {2022DF5F-E988-4761-B95B-C2BE0E0CFFFA}
	EndGlobalSection
EndGlobal
